
Microsoft Visual Studio Solution File, Format Version 12.00
# Visual Studio Version 17
VisualStudioVersion = 17.6.33829.357
MinimumVisualStudioVersion = 10.0.40219.1
Project("{FAE04EC0-301F-11D3-BF4B-00C04F79EFBC}") = "WepAPICore", "WepAPICore.csproj", "{8C2299A4-E75B-4365-ACD1-91565AD25EDB}"
EndProject
Global
	GlobalSection(SolutionConfigurationPlatforms) = preSolution
		Debug|Any CPU = Debug|Any CPU
		Release|Any CPU = Release|Any CPU
	EndGlobalSection
	GlobalSection(ProjectConfigurationPlatforms) = postSolution
		{8C2299A4-E75B-4365-ACD1-91565AD25EDB}.Debug|Any CPU.ActiveCfg = Debug|Any CPU
		{8C2299A4-E75B-4365-ACD1-91565AD25EDB}.Debug|Any CPU.Build.0 = Debug|Any CPU
		{8C2299A4-E75B-4365-ACD1-91565AD25EDB}.Release|Any CPU.ActiveCfg = Release|Any CPU
		{8C2299A4-E75B-4365-ACD1-91565AD25EDB}.Release|Any CPU.Build.0 = Release|Any CPU
	EndGlobalSection
	GlobalSection(SolutionProperties) = preSolution
		HideSolutionNode = FALSE
	EndGlobalSection
	GlobalSection(ExtensibilityGlobals) = postSolution
		SolutionGuid = {EA9E7B12-1E29-44A7-84F4-8CF569617944}
	EndGlobalSection
EndGlobal
